
Microsoft Visual Studio Solution File, Format Version 12.00
# Visual Studio 15
VisualStudioVersion = 15.0.28307.421
MinimumVisualStudioVersion = 10.0.40219.1
Project("{FAE04EC0-301F-11D3-BF4B-00C04F79EFBC}") = "Exceptions", "Exceptions\Exceptions.csproj", "{BFEFAB7F-C911-48FA-BC8C-D8F19BAFCDAF}"
EndProject
Global
	GlobalSection(SolutionConfigurationPlatforms) = preSolution
		Debug|Any CPU = Debug|Any CPU
		Release|Any CPU = Release|Any CPU
	EndGlobalSection
	GlobalSection(ProjectConfigurationPlatforms) = postSolution
		{BFEFAB7F-C911-48FA-BC8C-D8F19BAFCDAF}.Debug|Any CPU.ActiveCfg = Debug|Any CPU
		{BFEFAB7F-C911-48FA-BC8C-D8F19BAFCDAF}.Debug|Any CPU.Build.0 = Debug|Any CPU
		{BFEFAB7F-C911-48FA-BC8C-D8F19BAFCDAF}.Release|Any CPU.ActiveCfg = Release|Any CPU
		{BFEFAB7F-C911-48FA-BC8C-D8F19BAFCDAF}.Release|Any CPU.Build.0 = Release|Any CPU
	EndGlobalSection
	GlobalSection(SolutionProperties) = preSolution
		HideSolutionNode = FALSE
	EndGlobalSection
	GlobalSection(ExtensibilityGlobals) = postSolution
		SolutionGuid = {0ECE50D2-21CD-4600-8BDC-241486DDBA36}
	EndGlobalSection
EndGlobal
